
Microsoft Visual Studio Solution File, Format Version 12.00
# Visual Studio Version 16
VisualStudioVersion = 16.0.34031.81
MinimumVisualStudioVersion = 10.0.40219.1
Project("{2150E333-8FDC-42A3-9474-1A3956D46DE8}") = "Task0", "Task0", "{03A90177-1877-4392-A56D-DD81D254E17F}"
EndProject
Project("{FAE04EC0-301F-11D3-BF4B-00C04F79EFBC}") = "Tyuiu.ShabanovMS.Sprint3.Task0.V1", "Tyuiu.ShabanovMS.Sprint3.Task0.V1\Tyuiu.ShabanovMS.Sprint3.Task0.V1.csproj", "{9BA5E3BD-AE2A-4C4B-94B0-C86EE35E01C6}"
EndProject
Project("{FAE04EC0-301F-11D3-BF4B-00C04F79EFBC}") = "Tyuiu.ShabanovMS.Sprint3.Task0.V1.Lib", "Tyuiu.ShabanovMS.Sprint3.Task0.V1.Lib\Tyuiu.ShabanovMS.Sprint3.Task0.V1.Lib.csproj", "{6131B5A9-3E22-4916-8C9A-74CDFAA0DD7C}"
EndProject
Project("{FAE04EC0-301F-11D3-BF4B-00C04F79EFBC}") = "Tyuiu.ShabanovMS.Sprint3.Task0.V1.Test", "Tyuiu.ShabanovMS.Sprint3.Task0.V1.Test\Tyuiu.ShabanovMS.Sprint3.Task0.V1.Test.csproj", "{5DD1B4E5-DA57-4679-B442-5B99B6C28FE5}"
EndProject
Project("{2150E333-8FDC-42A3-9474-1A3956D46DE8}") = "Task1", "Task1", "{4DC0A6E8-EB98-4BD1-B2A2-5ED7B6A04A03}"
EndProject
Project("{FAE04EC0-301F-11D3-BF4B-00C04F79EFBC}") = "Tyuiu.ShabanovMS.Sprint3.Task1.V30.Test", "Tyuiu.ShabanovMS.Sprint3.Task1.V30.Test\Tyuiu.ShabanovMS.Sprint3.Task1.V30.Test.csproj", "{10378063-5CD4-4EBF-BCB1-A580A1C44FD7}"
EndProject
Project("{FAE04EC0-301F-11D3-BF4B-00C04F79EFBC}") = "Tyuiu.ShabanovMS.Sprint3.Task1.V30.Lib", "Tyuiu.ShabanovMS.Sprint3.Task1.V30.Lib\Tyuiu.ShabanovMS.Sprint3.Task1.V30.Lib.csproj", "{4C2B2FEC-C774-4C64-ABAA-FDAA3298DE47}"
EndProject
Project("{FAE04EC0-301F-11D3-BF4B-00C04F79EFBC}") = "Tyuiu.ShabanovMS.Sprint3.Task1.V30", "Tyuiu.ShabanovMS.Sprint3.Task1.V30\Tyuiu.ShabanovMS.Sprint3.Task1.V30.csproj", "{9EFC121F-3027-4577-9FA5-1951D1285944}"
EndProject
Project("{2150E333-8FDC-42A3-9474-1A3956D46DE8}") = "Task2", "Task2", "{FB545D49-D57A-4353-AA11-64302A935932}"
EndProject
Project("{FAE04EC0-301F-11D3-BF4B-00C04F79EFBC}") = "Tyuiu.ShabanovMS.Sprint3.Task2.V6.Test", "Tyuiu.ShabanovMS.Sprint3.Task2.V6.Test\Tyuiu.ShabanovMS.Sprint3.Task2.V6.Test.csproj", "{F58CA4DB-E569-44E7-A844-954C444D7E7D}"
EndProject
Project("{FAE04EC0-301F-11D3-BF4B-00C04F79EFBC}") = "Tyuiu.ShabanovMS.Sprint3.Task2.V6.Lib", "Tyuiu.ShabanovMS.Sprint3.Task2.V6.Lib\Tyuiu.ShabanovMS.Sprint3.Task2.V6.Lib.csproj", "{62D3D483-351B-4180-A9E5-ABECF473DF80}"
EndProject
Project("{FAE04EC0-301F-11D3-BF4B-00C04F79EFBC}") = "Tyuiu.ShabanovMS.Sprint3.Task2.V6", "Tyuiu.ShabanovMS.Sprint3.Task2.V6\Tyuiu.ShabanovMS.Sprint3.Task2.V6.csproj", "{3B74BF8F-C8AD-4F3E-834D-BD425B64A1E3}"
EndProject
Project("{2150E333-8FDC-42A3-9474-1A3956D46DE8}") = "Task3", "Task3", "{DCBEB340-555E-411D-A3A1-5778A7149803}"
EndProject
Project("{FAE04EC0-301F-11D3-BF4B-00C04F79EFBC}") = "Tyuiu.ShabanovMS.Sprint3.Task3.V20", "Tyuiu.ShabanovMS.Sprint3.Task3.V20\Tyuiu.ShabanovMS.Sprint3.Task3.V20.csproj", "{BADC2826-7D8B-46E7-8B96-8F16FADAC25E}"
EndProject
Project("{FAE04EC0-301F-11D3-BF4B-00C04F79EFBC}") = "Tyuiu.ShabanovMS.Sprint3.Task3.V20.Lib", "Tyuiu.ShabanovMS.Sprint3.Task3.V20.Lib\Tyuiu.ShabanovMS.Sprint3.Task3.V20.Lib.csproj", "{1821DFD5-2A45-4678-BA2F-F64931F8AE3F}"
EndProject
Project("{FAE04EC0-301F-11D3-BF4B-00C04F79EFBC}") = "Tyuiu.ShabanovMS.Sprint3.Task3.V20.Test", "Tyuiu.ShabanovMS.Sprint3.Task3.V20.Test\Tyuiu.ShabanovMS.Sprint3.Task3.V20.Test.csproj", "{7C4A699F-3C1F-4A24-81C3-4AC059D3F9FF}"
EndProject
Project("{2150E333-8FDC-42A3-9474-1A3956D46DE8}") = "Task4", "Task4", "{DC1000DE-48BC-41B2-AD42-28F964FAD1E2}"
EndProject
Project("{FAE04EC0-301F-11D3-BF4B-00C04F79EFBC}") = "Tyuiu.ShabanovMS.Sprint3.Task4.V26", "Tyuiu.ShabanovMS.Sprint3.Task4.V26\Tyuiu.ShabanovMS.Sprint3.Task4.V26.csproj", "{6D96EE5F-247C-49A3-95DF-2A3BABDF049C}"
EndProject
Project("{FAE04EC0-301F-11D3-BF4B-00C04F79EFBC}") = "Tyuiu.ShabanovMS.Sprint3.Task4.V26.Lib", "Tyuiu.ShabanovMS.Sprint3.Task4.V26.Lib\Tyuiu.ShabanovMS.Sprint3.Task4.V26.Lib.csproj", "{009F4FD8-8962-4F78-9345-3EEA8CED1D81}"
EndProject
Project("{FAE04EC0-301F-11D3-BF4B-00C04F79EFBC}") = "Tyuiu.ShabanovMS.Sprint3.Task4.V26.Test", "Tyuiu.ShabanovMS.Sprint3.Task4.V26.Test\Tyuiu.ShabanovMS.Sprint3.Task4.V26.Test.csproj", "{21F2B98C-1772-4F5D-A8CD-04EED1A05A93}"
EndProject
Project("{2150E333-8FDC-42A3-9474-1A3956D46DE8}") = "Task5", "Task5", "{E62697E0-F238-4877-8CE7-606BF5085A11}"
EndProject
Project("{FAE04EC0-301F-11D3-BF4B-00C04F79EFBC}") = "Tyuiu.ShabanovMS.Sprint3.Task5.V8", "Tyuiu.ShabanovMS.Sprint3.Task5.V8\Tyuiu.ShabanovMS.Sprint3.Task5.V8.csproj", "{2E3F2592-212D-4008-B5A9-38AF87739DBE}"
EndProject
Project("{FAE04EC0-301F-11D3-BF4B-00C04F79EFBC}") = "Tyuiu.ShabanovMS.Sprint3.Task5.V8.Lib", "Tyuiu.ShabanovMS.Sprint3.Task5.V8.Lib\Tyuiu.ShabanovMS.Sprint3.Task5.V8.Lib.csproj", "{1A091783-E189-4610-AFC4-8B33A6DCE131}"
EndProject
Project("{FAE04EC0-301F-11D3-BF4B-00C04F79EFBC}") = "Tyuiu.ShabanovMS.Sprint3.Task5.V8.Test", "Tyuiu.ShabanovMS.Sprint3.Task5.V8.Test\Tyuiu.ShabanovMS.Sprint3.Task5.V8.Test.csproj", "{ED9A464D-5044-4047-A161-F4A31A1E0952}"
EndProject
Project("{2150E333-8FDC-42A3-9474-1A3956D46DE8}") = "Task6", "Task6", "{A5D463AA-FDF0-42E6-83F3-296DA6253D98}"
EndProject
Project("{FAE04EC0-301F-11D3-BF4B-00C04F79EFBC}") = "Tyuiu.ShabanovMS.Sprint3.Task6.V17", "Tyuiu.ShabanovMS.Sprint3.Task6.V17\Tyuiu.ShabanovMS.Sprint3.Task6.V17.csproj", "{99BC9CEF-23D2-4F2D-9D73-06F3D5B9DCC1}"
EndProject
Project("{FAE04EC0-301F-11D3-BF4B-00C04F79EFBC}") = "Tyuiu.ShabanovMS.Sprint3.Task6.V17.Lib", "Tyuiu.ShabanovMS.Sprint3.Task6.V17.Lib\Tyuiu.ShabanovMS.Sprint3.Task6.V17.Lib.csproj", "{52A6B8CD-BFC4-49FE-AF4B-8FC8EC15297D}"
EndProject
Project("{FAE04EC0-301F-11D3-BF4B-00C04F79EFBC}") = "Tyuiu.ShabanovMS.Sprint3.Task6.V17.Test", "Tyuiu.ShabanovMS.Sprint3.Task6.V17.Test\Tyuiu.ShabanovMS.Sprint3.Task6.V17.Test.csproj", "{330378AB-7545-4321-A3CE-655519BC9D7D}"
EndProject
Global
	GlobalSection(SolutionConfigurationPlatforms) = preSolution
		Debug|Any CPU = Debug|Any CPU
		Release|Any CPU = Release|Any CPU
	EndGlobalSection
	GlobalSection(ProjectConfigurationPlatforms) = postSolution
		{9BA5E3BD-AE2A-4C4B-94B0-C86EE35E01C6}.Debug|Any CPU.ActiveCfg = Debug|Any CPU
		{9BA5E3BD-AE2A-4C4B-94B0-C86EE35E01C6}.Debug|Any CPU.Build.0 = Debug|Any CPU
		{9BA5E3BD-AE2A-4C4B-94B0-C86EE35E01C6}.Release|Any CPU.ActiveCfg = Release|Any CPU
		{9BA5E3BD-AE2A-4C4B-94B0-C86EE35E01C6}.Release|Any CPU.Build.0 = Release|Any CPU
		{6131B5A9-3E22-4916-8C9A-74CDFAA0DD7C}.Debug|Any CPU.ActiveCfg = Debug|Any CPU
		{6131B5A9-3E22-4916-8C9A-74CDFAA0DD7C}.Debug|Any CPU.Build.0 = Debug|Any CPU
		{6131B5A9-3E22-4916-8C9A-74CDFAA0DD7C}.Release|Any CPU.ActiveCfg = Release|Any CPU
		{6131B5A9-3E22-4916-8C9A-74CDFAA0DD7C}.Release|Any CPU.Build.0 = Release|Any CPU
		{5DD1B4E5-DA57-4679-B442-5B99B6C28FE5}.Debug|Any CPU.ActiveCfg = Debug|Any CPU
		{5DD1B4E5-DA57-4679-B442-5B99B6C28FE5}.Debug|Any CPU.Build.0 = Debug|Any CPU
		{5DD1B4E5-DA57-4679-B442-5B99B6C28FE5}.Release|Any CPU.ActiveCfg = Release|Any CPU
		{5DD1B4E5-DA57-4679-B442-5B99B6C28FE5}.Release|Any CPU.Build.0 = Release|Any CPU
		{10378063-5CD4-4EBF-BCB1-A580A1C44FD7}.Debug|Any CPU.ActiveCfg = Debug|Any CPU
		{10378063-5CD4-4EBF-BCB1-A580A1C44FD7}.Debug|Any CPU.Build.0 = Debug|Any CPU
		{10378063-5CD4-4EBF-BCB1-A580A1C44FD7}.Release|Any CPU.ActiveCfg = Release|Any CPU
		{10378063-5CD4-4EBF-BCB1-A580A1C44FD7}.Release|Any CPU.Build.0 = Release|Any CPU
		{4C2B2FEC-C774-4C64-ABAA-FDAA3298DE47}.Debug|Any CPU.ActiveCfg = Debug|Any CPU
		{4C2B2FEC-C774-4C64-ABAA-FDAA3298DE47}.Debug|Any CPU.Build.0 = Debug|Any CPU
		{4C2B2FEC-C774-4C64-ABAA-FDAA3298DE47}.Release|Any CPU.ActiveCfg = Release|Any CPU
		{4C2B2FEC-C774-4C64-ABAA-FDAA3298DE47}.Release|Any CPU.Build.0 = Release|Any CPU
		{9EFC121F-3027-4577-9FA5-1951D1285944}.Debug|Any CPU.ActiveCfg = Debug|Any CPU
		{9EFC121F-3027-4577-9FA5-1951D1285944}.Debug|Any CPU.Build.0 = Debug|Any CPU
		{9EFC121F-3027-4577-9FA5-1951D1285944}.Release|Any CPU.ActiveCfg = Release|Any CPU
		{9EFC121F-3027-4577-9FA5-1951D1285944}.Release|Any CPU.Build.0 = Release|Any CPU
		{F58CA4DB-E569-44E7-A844-954C444D7E7D}.Debug|Any CPU.ActiveCfg = Debug|Any CPU
		{F58CA4DB-E569-44E7-A844-954C444D7E7D}.Debug|Any CPU.Build.0 = Debug|Any CPU
		{F58CA4DB-E569-44E7-A844-954C444D7E7D}.Release|Any CPU.ActiveCfg = Release|Any CPU
		{F58CA4DB-E569-44E7-A844-954C444D7E7D}.Release|Any CPU.Build.0 = Release|Any CPU
		{62D3D483-351B-4180-A9E5-ABECF473DF80}.Debug|Any CPU.ActiveCfg = Debug|Any CPU
		{62D3D483-351B-4180-A9E5-ABECF473DF80}.Debug|Any CPU.Build.0 = Debug|Any CPU
		{62D3D483-351B-4180-A9E5-ABECF473DF80}.Release|Any CPU.ActiveCfg = Release|Any CPU
		{62D3D483-351B-4180-A9E5-ABECF473DF80}.Release|Any CPU.Build.0 = Release|Any CPU
		{3B74BF8F-C8AD-4F3E-834D-BD425B64A1E3}.Debug|Any CPU.ActiveCfg = Debug|Any CPU
		{3B74BF8F-C8AD-4F3E-834D-BD425B64A1E3}.Debug|Any CPU.Build.0 = Debug|Any CPU
		{3B74BF8F-C8AD-4F3E-834D-BD425B64A1E3}.Release|Any CPU.ActiveCfg = Release|Any CPU
		{3B74BF8F-C8AD-4F3E-834D-BD425B64A1E3}.Release|Any CPU.Build.0 = Release|Any CPU
		{BADC2826-7D8B-46E7-8B96-8F16FADAC25E}.Debug|Any CPU.ActiveCfg = Debug|Any CPU
		{BADC2826-7D8B-46E7-8B96-8F16FADAC25E}.Debug|Any CPU.Build.0 = Debug|Any CPU
		{BADC2826-7D8B-46E7-8B96-8F16FADAC25E}.Release|Any CPU.ActiveCfg = Release|Any CPU
		{BADC2826-7D8B-46E7-8B96-8F16FADAC25E}.Release|Any CPU.Build.0 = Release|Any CPU
		{1821DFD5-2A45-4678-BA2F-F64931F8AE3F}.Debug|Any CPU.ActiveCfg = Debug|Any CPU
		{1821DFD5-2A45-4678-BA2F-F64931F8AE3F}.Debug|Any CPU.Build.0 = Debug|Any CPU
		{1821DFD5-2A45-4678-BA2F-F64931F8AE3F}.Release|Any CPU.ActiveCfg = Release|Any CPU
		{1821DFD5-2A45-4678-BA2F-F64931F8AE3F}.Release|Any CPU.Build.0 = Release|Any CPU
		{7C4A699F-3C1F-4A24-81C3-4AC059D3F9FF}.Debug|Any CPU.ActiveCfg = Debug|Any CPU
		{7C4A699F-3C1F-4A24-81C3-4AC059D3F9FF}.Debug|Any CPU.Build.0 = Debug|Any CPU
		{7C4A699F-3C1F-4A24-81C3-4AC059D3F9FF}.Release|Any CPU.ActiveCfg = Release|Any CPU
		{7C4A699F-3C1F-4A24-81C3-4AC059D3F9FF}.Release|Any CPU.Build.0 = Release|Any CPU
		{6D96EE5F-247C-49A3-95DF-2A3BABDF049C}.Debug|Any CPU.ActiveCfg = Debug|Any CPU
		{6D96EE5F-247C-49A3-95DF-2A3BABDF049C}.Debug|Any CPU.Build.0 = Debug|Any CPU
		{6D96EE5F-247C-49A3-95DF-2A3BABDF049C}.Release|Any CPU.ActiveCfg = Release|Any CPU
		{6D96EE5F-247C-49A3-95DF-2A3BABDF049C}.Release|Any CPU.Build.0 = Release|Any CPU
		{009F4FD8-8962-4F78-9345-3EEA8CED1D81}.Debug|Any CPU.ActiveCfg = Debug|Any CPU
		{009F4FD8-8962-4F78-9345-3EEA8CED1D81}.Debug|Any CPU.Build.0 = Debug|Any CPU
		{009F4FD8-8962-4F78-9345-3EEA8CED1D81}.Release|Any CPU.ActiveCfg = Release|Any CPU
		{009F4FD8-8962-4F78-9345-3EEA8CED1D81}.Release|Any CPU.Build.0 = Release|Any CPU
		{21F2B98C-1772-4F5D-A8CD-04EED1A05A93}.Debug|Any CPU.ActiveCfg = Debug|Any CPU
		{21F2B98C-1772-4F5D-A8CD-04EED1A05A93}.Debug|Any CPU.Build.0 = Debug|Any CPU
		{21F2B98C-1772-4F5D-A8CD-04EED1A05A93}.Release|Any CPU.ActiveCfg = Release|Any CPU
		{21F2B98C-1772-4F5D-A8CD-04EED1A05A93}.Release|Any CPU.Build.0 = Release|Any CPU
		{2E3F2592-212D-4008-B5A9-38AF87739DBE}.Debug|Any CPU.ActiveCfg = Debug|Any CPU
		{2E3F2592-212D-4008-B5A9-38AF87739DBE}.Debug|Any CPU.Build.0 = Debug|Any CPU
		{2E3F2592-212D-4008-B5A9-38AF87739DBE}.Release|Any CPU.ActiveCfg = Release|Any CPU
		{2E3F2592-212D-4008-B5A9-38AF87739DBE}.Release|Any CPU.Build.0 = Release|Any CPU
		{1A091783-E189-4610-AFC4-8B33A6DCE131}.Debug|Any CPU.ActiveCfg = Debug|Any CPU
		{1A091783-E189-4610-AFC4-8B33A6DCE131}.Debug|Any CPU.Build.0 = Debug|Any CPU
		{1A091783-E189-4610-AFC4-8B33A6DCE131}.Release|Any CPU.ActiveCfg = Release|Any CPU
		{1A091783-E189-4610-AFC4-8B33A6DCE131}.Release|Any CPU.Build.0 = Release|Any CPU
		{ED9A464D-5044-4047-A161-F4A31A1E0952}.Debug|Any CPU.ActiveCfg = Debug|Any CPU
		{ED9A464D-5044-4047-A161-F4A31A1E0952}.Debug|Any CPU.Build.0 = Debug|Any CPU
		{ED9A464D-5044-4047-A161-F4A31A1E0952}.Release|Any CPU.ActiveCfg = Release|Any CPU
		{ED9A464D-5044-4047-A161-F4A31A1E0952}.Release|Any CPU.Build.0 = Release|Any CPU
		{99BC9CEF-23D2-4F2D-9D73-06F3D5B9DCC1}.Debug|Any CPU.ActiveCfg = Debug|Any CPU
		{99BC9CEF-23D2-4F2D-9D73-06F3D5B9DCC1}.Debug|Any CPU.Build.0 = Debug|Any CPU
		{99BC9CEF-23D2-4F2D-9D73-06F3D5B9DCC1}.Release|Any CPU.ActiveCfg = Release|Any CPU
		{99BC9CEF-23D2-4F2D-9D73-06F3D5B9DCC1}.Release|Any CPU.Build.0 = Release|Any CPU
		{52A6B8CD-BFC4-49FE-AF4B-8FC8EC15297D}.Debug|Any CPU.ActiveCfg = Debug|Any CPU
		{52A6B8CD-BFC4-49FE-AF4B-8FC8EC15297D}.Debug|Any CPU.Build.0 = Debug|Any CPU
		{52A6B8CD-BFC4-49FE-AF4B-8FC8EC15297D}.Release|Any CPU.ActiveCfg = Release|Any CPU
		{52A6B8CD-BFC4-49FE-AF4B-8FC8EC15297D}.Release|Any CPU.Build.0 = Release|Any CPU
		{330378AB-7545-4321-A3CE-655519BC9D7D}.Debug|Any CPU.ActiveCfg = Debug|Any CPU
		{330378AB-7545-4321-A3CE-655519BC9D7D}.Debug|Any CPU.Build.0 = Debug|Any CPU
		{330378AB-7545-4321-A3CE-655519BC9D7D}.Release|Any CPU.ActiveCfg = Release|Any CPU
		{330378AB-7545-4321-A3CE-655519BC9D7D}.Release|Any CPU.Build.0 = Release|Any CPU
	EndGlobalSection
	GlobalSection(SolutionProperties) = preSolution
		HideSolutionNode = FALSE
	EndGlobalSection
	GlobalSection(NestedProjects) = preSolution
		{9BA5E3BD-AE2A-4C4B-94B0-C86EE35E01C6} = {03A90177-1877-4392-A56D-DD81D254E17F}
		{6131B5A9-3E22-4916-8C9A-74CDFAA0DD7C} = {03A90177-1877-4392-A56D-DD81D254E17F}
		{5DD1B4E5-DA57-4679-B442-5B99B6C28FE5} = {03A90177-1877-4392-A56D-DD81D254E17F}
		{10378063-5CD4-4EBF-BCB1-A580A1C44FD7} = {4DC0A6E8-EB98-4BD1-B2A2-5ED7B6A04A03}
		{4C2B2FEC-C774-4C64-ABAA-FDAA3298DE47} = {4DC0A6E8-EB98-4BD1-B2A2-5ED7B6A04A03}
		{9EFC121F-3027-4577-9FA5-1951D1285944} = {4DC0A6E8-EB98-4BD1-B2A2-5ED7B6A04A03}
		{F58CA4DB-E569-44E7-A844-954C444D7E7D} = {FB545D49-D57A-4353-AA11-64302A935932}
		{62D3D483-351B-4180-A9E5-ABECF473DF80} = {FB545D49-D57A-4353-AA11-64302A935932}
		{3B74BF8F-C8AD-4F3E-834D-BD425B64A1E3} = {FB545D49-D57A-4353-AA11-64302A935932}
		{BADC2826-7D8B-46E7-8B96-8F16FADAC25E} = {DCBEB340-555E-411D-A3A1-5778A7149803}
		{1821DFD5-2A45-4678-BA2F-F64931F8AE3F} = {DCBEB340-555E-411D-A3A1-5778A7149803}
		{7C4A699F-3C1F-4A24-81C3-4AC059D3F9FF} = {DCBEB340-555E-411D-A3A1-5778A7149803}
		{6D96EE5F-247C-49A3-95DF-2A3BABDF049C} = {DC1000DE-48BC-41B2-AD42-28F964FAD1E2}
		{009F4FD8-8962-4F78-9345-3EEA8CED1D81} = {DC1000DE-48BC-41B2-AD42-28F964FAD1E2}
		{21F2B98C-1772-4F5D-A8CD-04EED1A05A93} = {DC1000DE-48BC-41B2-AD42-28F964FAD1E2}
		{2E3F2592-212D-4008-B5A9-38AF87739DBE} = {E62697E0-F238-4877-8CE7-606BF5085A11}
		{1A091783-E189-4610-AFC4-8B33A6DCE131} = {E62697E0-F238-4877-8CE7-606BF5085A11}
		{ED9A464D-5044-4047-A161-F4A31A1E0952} = {E62697E0-F238-4877-8CE7-606BF5085A11}
		{99BC9CEF-23D2-4F2D-9D73-06F3D5B9DCC1} = {A5D463AA-FDF0-42E6-83F3-296DA6253D98}
		{52A6B8CD-BFC4-49FE-AF4B-8FC8EC15297D} = {A5D463AA-FDF0-42E6-83F3-296DA6253D98}
		{330378AB-7545-4321-A3CE-655519BC9D7D} = {A5D463AA-FDF0-42E6-83F3-296DA6253D98}
	EndGlobalSection
	GlobalSection(ExtensibilityGlobals) = postSolution
		SolutionGuid = {D915130B-4312-47CD-8059-1E4855EDB5BA}
	EndGlobalSection
EndGlobal
